// !$*UTF8*$!
{
	archiveVersion = 1;
	classes = {
	};
	objectVersion = 50;
	objects = {

/* Begin PBXBuildFile section */
		6140DBE5240D22DE00D442F9 /* HistoryTableViewCell.swift in Sources */ = {isa = PBXBuildFile; fileRef = 6140DBE3240D22DE00D442F9 /* HistoryTableViewCell.swift */; };
		6140DBE6240D22DE00D442F9 /* HistoryTableViewCell.xib in Resources */ = {isa = PBXBuildFile; fileRef = 6140DBE4240D22DE00D442F9 /* HistoryTableViewCell.xib */; };
		6140DBF2240E281900D442F9 /* CoreDataStack.swift in Sources */ = {isa = PBXBuildFile; fileRef = 6140DBF1240E281900D442F9 /* CoreDataStack.swift */; };
		6140DBF5240E2ACE00D442F9 /* DataFetcherService.swift in Sources */ = {isa = PBXBuildFile; fileRef = 6140DBF4240E2ACE00D442F9 /* DataFetcherService.swift */; };
		614E20B7241BB4E8002D69F8 /* todo in Resources */ = {isa = PBXBuildFile; fileRef = 614E20B6241BB4E8002D69F8 /* todo */; };
		6151863C240FA4A400D89E0D /* Translate+CoreDataClass.swift in Sources */ = {isa = PBXBuildFile; fileRef = 6151863A240FA4A400D89E0D /* Translate+CoreDataClass.swift */; };
		6151863D240FA4A400D89E0D /* Translate+CoreDataProperties.swift in Sources */ = {isa = PBXBuildFile; fileRef = 6151863B240FA4A400D89E0D /* Translate+CoreDataProperties.swift */; };
		61C5805D24068D2700E5D957 /* AppDelegate.swift in Sources */ = {isa = PBXBuildFile; fileRef = 61C5805C24068D2700E5D957 /* AppDelegate.swift */; };
		61C5805F24068D2700E5D957 /* SceneDelegate.swift in Sources */ = {isa = PBXBuildFile; fileRef = 61C5805E24068D2700E5D957 /* SceneDelegate.swift */; };
		61C5806724068D2700E5D957 /* Translator.xcdatamodeld in Sources */ = {isa = PBXBuildFile; fileRef = 61C5806524068D2700E5D957 /* Translator.xcdatamodeld */; };
		61C5806924068D2900E5D957 /* Assets.xcassets in Resources */ = {isa = PBXBuildFile; fileRef = 61C5806824068D2900E5D957 /* Assets.xcassets */; };
		61C5806C24068D2900E5D957 /* LaunchScreen.storyboard in Resources */ = {isa = PBXBuildFile; fileRef = 61C5806A24068D2900E5D957 /* LaunchScreen.storyboard */; };
		61C580872406940500E5D957 /* TranslatorPresenter.swift in Sources */ = {isa = PBXBuildFile; fileRef = 61C580812406940500E5D957 /* TranslatorPresenter.swift */; };
		61C580882406940500E5D957 /* TranslatorRouter.swift in Sources */ = {isa = PBXBuildFile; fileRef = 61C580822406940500E5D957 /* TranslatorRouter.swift */; };
		61C580892406940500E5D957 /* TranslatorViewController.swift in Sources */ = {isa = PBXBuildFile; fileRef = 61C580832406940500E5D957 /* TranslatorViewController.swift */; };
		61C5808A2406940500E5D957 /* TranslatorProtocols.swift in Sources */ = {isa = PBXBuildFile; fileRef = 61C580842406940500E5D957 /* TranslatorProtocols.swift */; };
		61C5808B2406940500E5D957 /* TranslatorInteractor.swift in Sources */ = {isa = PBXBuildFile; fileRef = 61C580852406940500E5D957 /* TranslatorInteractor.swift */; };
		61C5808C2406940500E5D957 /* TranslatorViewController.xib in Resources */ = {isa = PBXBuildFile; fileRef = 61C580862406940500E5D957 /* TranslatorViewController.xib */; };
		61C580952406990500E5D957 /* HistoryPresenter.swift in Sources */ = {isa = PBXBuildFile; fileRef = 61C5808F2406990500E5D957 /* HistoryPresenter.swift */; };
		61C580962406990500E5D957 /* HistoryRouter.swift in Sources */ = {isa = PBXBuildFile; fileRef = 61C580902406990500E5D957 /* HistoryRouter.swift */; };
		61C580972406990500E5D957 /* HistoryViewController.swift in Sources */ = {isa = PBXBuildFile; fileRef = 61C580912406990500E5D957 /* HistoryViewController.swift */; };
		61C580982406990500E5D957 /* HistoryProtocols.swift in Sources */ = {isa = PBXBuildFile; fileRef = 61C580922406990500E5D957 /* HistoryProtocols.swift */; };
		61C580992406990500E5D957 /* HistoryInteractor.swift in Sources */ = {isa = PBXBuildFile; fileRef = 61C580932406990500E5D957 /* HistoryInteractor.swift */; };
		61C5809A2406990500E5D957 /* HistoryViewController.xib in Resources */ = {isa = PBXBuildFile; fileRef = 61C580942406990500E5D957 /* HistoryViewController.xib */; };
		61C580B12407B89400E5D957 /* NetworkService.swift in Sources */ = {isa = PBXBuildFile; fileRef = 61C580B02407B89400E5D957 /* NetworkService.swift */; };
		61C580B32407BA8D00E5D957 /* NetworkDataFetcher.swift in Sources */ = {isa = PBXBuildFile; fileRef = 61C580B22407BA8D00E5D957 /* NetworkDataFetcher.swift */; };
		61C580B52407BCD700E5D957 /* ServiceContainer.swift in Sources */ = {isa = PBXBuildFile; fileRef = 61C580B42407BCD700E5D957 /* ServiceContainer.swift */; };
		61C580B82407C08800E5D957 /* Language.swift in Sources */ = {isa = PBXBuildFile; fileRef = 61C580B72407C08800E5D957 /* Language.swift */; };
		61C580BA2407CF4800E5D957 /* RequestModel.swift in Sources */ = {isa = PBXBuildFile; fileRef = 61C580B92407CF4800E5D957 /* RequestModel.swift */; };
		61C580BC2407E38A00E5D957 /* ResponseModel.swift in Sources */ = {isa = PBXBuildFile; fileRef = 61C580BB2407E38A00E5D957 /* ResponseModel.swift */; };
		61C580C32407FAFC00E5D957 /* LanguageListPresenter.swift in Sources */ = {isa = PBXBuildFile; fileRef = 61C580BD2407FAFC00E5D957 /* LanguageListPresenter.swift */; };
		61C580C42407FAFC00E5D957 /* LanguageListRouter.swift in Sources */ = {isa = PBXBuildFile; fileRef = 61C580BE2407FAFC00E5D957 /* LanguageListRouter.swift */; };
		61C580C52407FAFC00E5D957 /* LanguageListViewController.swift in Sources */ = {isa = PBXBuildFile; fileRef = 61C580BF2407FAFC00E5D957 /* LanguageListViewController.swift */; };
		61C580C62407FAFC00E5D957 /* LanguageListProtocols.swift in Sources */ = {isa = PBXBuildFile; fileRef = 61C580C02407FAFC00E5D957 /* LanguageListProtocols.swift */; };
		61C580C72407FAFC00E5D957 /* LanguageListInteractor.swift in Sources */ = {isa = PBXBuildFile; fileRef = 61C580C12407FAFC00E5D957 /* LanguageListInteractor.swift */; };
		61C580C82407FAFC00E5D957 /* LanguageListViewController.xib in Resources */ = {isa = PBXBuildFile; fileRef = 61C580C22407FAFC00E5D957 /* LanguageListViewController.xib */; };
/* End PBXBuildFile section */

/* Begin PBXFileReference section */
		6140DBE3240D22DE00D442F9 /* HistoryTableViewCell.swift */ = {isa = PBXFileReference; lastKnownFileType = sourcecode.swift; path = HistoryTableViewCell.swift; sourceTree = "<group>"; };
		6140DBE4240D22DE00D442F9 /* HistoryTableViewCell.xib */ = {isa = PBXFileReference; lastKnownFileType = file.xib; path = HistoryTableViewCell.xib; sourceTree = "<group>"; };
		6140DBF1240E281900D442F9 /* CoreDataStack.swift */ = {isa = PBXFileReference; lastKnownFileType = sourcecode.swift; path = CoreDataStack.swift; sourceTree = "<group>"; };
		6140DBF4240E2ACE00D442F9 /* DataFetcherService.swift */ = {isa = PBXFileReference; lastKnownFileType = sourcecode.swift; path = DataFetcherService.swift; sourceTree = "<group>"; };
		614E20B6241BB4E8002D69F8 /* todo */ = {isa = PBXFileReference; lastKnownFileType = text; path = todo; sourceTree = "<group>"; };
		6151863A240FA4A400D89E0D /* Translate+CoreDataClass.swift */ = {isa = PBXFileReference; lastKnownFileType = sourcecode.swift; path = "Translate+CoreDataClass.swift"; sourceTree = "<group>"; };
		6151863B240FA4A400D89E0D /* Translate+CoreDataProperties.swift */ = {isa = PBXFileReference; lastKnownFileType = sourcecode.swift; path = "Translate+CoreDataProperties.swift"; sourceTree = "<group>"; };
		61C5805924068D2700E5D957 /* Translator.app */ = {isa = PBXFileReference; explicitFileType = wrapper.application; includeInIndex = 0; path = Translator.app; sourceTree = BUILT_PRODUCTS_DIR; };
		61C5805C24068D2700E5D957 /* AppDelegate.swift */ = {isa = PBXFileReference; lastKnownFileType = sourcecode.swift; path = AppDelegate.swift; sourceTree = "<group>"; };
		61C5805E24068D2700E5D957 /* SceneDelegate.swift */ = {isa = PBXFileReference; lastKnownFileType = sourcecode.swift; path = SceneDelegate.swift; sourceTree = "<group>"; };
		61C5806624068D2700E5D957 /* Translator.xcdatamodel */ = {isa = PBXFileReference; lastKnownFileType = wrapper.xcdatamodel; path = Translator.xcdatamodel; sourceTree = "<group>"; };
		61C5806824068D2900E5D957 /* Assets.xcassets */ = {isa = PBXFileReference; lastKnownFileType = folder.assetcatalog; path = Assets.xcassets; sourceTree = "<group>"; };
		61C5806B24068D2900E5D957 /* Base */ = {isa = PBXFileReference; lastKnownFileType = file.storyboard; name = Base; path = Base.lproj/LaunchScreen.storyboard; sourceTree = "<group>"; };
		61C5806D24068D2900E5D957 /* Info.plist */ = {isa = PBXFileReference; lastKnownFileType = text.plist.xml; path = Info.plist; sourceTree = "<group>"; };
		61C580812406940500E5D957 /* TranslatorPresenter.swift */ = {isa = PBXFileReference; lastKnownFileType = sourcecode.swift; path = TranslatorPresenter.swift; sourceTree = "<group>"; };
		61C580822406940500E5D957 /* TranslatorRouter.swift */ = {isa = PBXFileReference; lastKnownFileType = sourcecode.swift; path = TranslatorRouter.swift; sourceTree = "<group>"; };
		61C580832406940500E5D957 /* TranslatorViewController.swift */ = {isa = PBXFileReference; lastKnownFileType = sourcecode.swift; path = TranslatorViewController.swift; sourceTree = "<group>"; };
		61C580842406940500E5D957 /* TranslatorProtocols.swift */ = {isa = PBXFileReference; lastKnownFileType = sourcecode.swift; path = TranslatorProtocols.swift; sourceTree = "<group>"; };
		61C580852406940500E5D957 /* TranslatorInteractor.swift */ = {isa = PBXFileReference; lastKnownFileType = sourcecode.swift; path = TranslatorInteractor.swift; sourceTree = "<group>"; };
		61C580862406940500E5D957 /* TranslatorViewController.xib */ = {isa = PBXFileReference; lastKnownFileType = file.xib; path = TranslatorViewController.xib; sourceTree = "<group>"; };
		61C5808F2406990500E5D957 /* HistoryPresenter.swift */ = {isa = PBXFileReference; lastKnownFileType = sourcecode.swift; path = HistoryPresenter.swift; sourceTree = "<group>"; };
		61C580902406990500E5D957 /* HistoryRouter.swift */ = {isa = PBXFileReference; lastKnownFileType = sourcecode.swift; path = HistoryRouter.swift; sourceTree = "<group>"; };
		61C580912406990500E5D957 /* HistoryViewController.swift */ = {isa = PBXFileReference; lastKnownFileType = sourcecode.swift; path = HistoryViewController.swift; sourceTree = "<group>"; };
		61C580922406990500E5D957 /* HistoryProtocols.swift */ = {isa = PBXFileReference; lastKnownFileType = sourcecode.swift; path = HistoryProtocols.swift; sourceTree = "<group>"; };
		61C580932406990500E5D957 /* HistoryInteractor.swift */ = {isa = PBXFileReference; lastKnownFileType = sourcecode.swift; path = HistoryInteractor.swift; sourceTree = "<group>"; };
		61C580942406990500E5D957 /* HistoryViewController.xib */ = {isa = PBXFileReference; lastKnownFileType = file.xib; path = HistoryViewController.xib; sourceTree = "<group>"; };
		61C580B02407B89400E5D957 /* NetworkService.swift */ = {isa = PBXFileReference; lastKnownFileType = sourcecode.swift; path = NetworkService.swift; sourceTree = "<group>"; };
		61C580B22407BA8D00E5D957 /* NetworkDataFetcher.swift */ = {isa = PBXFileReference; lastKnownFileType = sourcecode.swift; path = NetworkDataFetcher.swift; sourceTree = "<group>"; };
		61C580B42407BCD700E5D957 /* ServiceContainer.swift */ = {isa = PBXFileReference; lastKnownFileType = sourcecode.swift; path = ServiceContainer.swift; sourceTree = "<group>"; };
		61C580B72407C08800E5D957 /* Language.swift */ = {isa = PBXFileReference; lastKnownFileType = sourcecode.swift; path = Language.swift; sourceTree = "<group>"; };
		61C580B92407CF4800E5D957 /* RequestModel.swift */ = {isa = PBXFileReference; lastKnownFileType = sourcecode.swift; path = RequestModel.swift; sourceTree = "<group>"; };
		61C580BB2407E38A00E5D957 /* ResponseModel.swift */ = {isa = PBXFileReference; lastKnownFileType = sourcecode.swift; path = ResponseModel.swift; sourceTree = "<group>"; };
		61C580BD2407FAFC00E5D957 /* LanguageListPresenter.swift */ = {isa = PBXFileReference; lastKnownFileType = sourcecode.swift; path = LanguageListPresenter.swift; sourceTree = "<group>"; };
		61C580BE2407FAFC00E5D957 /* LanguageListRouter.swift */ = {isa = PBXFileReference; lastKnownFileType = sourcecode.swift; path = LanguageListRouter.swift; sourceTree = "<group>"; };
		61C580BF2407FAFC00E5D957 /* LanguageListViewController.swift */ = {isa = PBXFileReference; lastKnownFileType = sourcecode.swift; path = LanguageListViewController.swift; sourceTree = "<group>"; };
		61C580C02407FAFC00E5D957 /* LanguageListProtocols.swift */ = {isa = PBXFileReference; lastKnownFileType = sourcecode.swift; path = LanguageListProtocols.swift; sourceTree = "<group>"; };
		61C580C12407FAFC00E5D957 /* LanguageListInteractor.swift */ = {isa = PBXFileReference; lastKnownFileType = sourcecode.swift; path = LanguageListInteractor.swift; sourceTree = "<group>"; };
		61C580C22407FAFC00E5D957 /* LanguageListViewController.xib */ = {isa = PBXFileReference; lastKnownFileType = file.xib; path = LanguageListViewController.xib; sourceTree = "<group>"; };
/* End PBXFileReference section */

/* Begin PBXFrameworksBuildPhase section */
		61C5805624068D2700E5D957 /* Frameworks */ = {
			isa = PBXFrameworksBuildPhase;
			buildActionMask = 2147483647;
			files = (
			);
			runOnlyForDeploymentPostprocessing = 0;
		};
/* End PBXFrameworksBuildPhase section */

/* Begin PBXGroup section */
		6140DBE2240D229F00D442F9 /* Cell */ = {
			isa = PBXGroup;
			children = (
				6140DBE3240D22DE00D442F9 /* HistoryTableViewCell.swift */,
				6140DBE4240D22DE00D442F9 /* HistoryTableViewCell.xib */,
			);
			path = Cell;
			sourceTree = "<group>";
		};
		6140DBED240E257E00D442F9 /* Model */ = {
			isa = PBXGroup;
			children = (
				61C580B92407CF4800E5D957 /* RequestModel.swift */,
				61C580BB2407E38A00E5D957 /* ResponseModel.swift */,
			);
			path = Model;
			sourceTree = "<group>";
		};
		6140DBEE240E25AD00D442F9 /* Services */ = {
			isa = PBXGroup;
			children = (
				6140DBF0240E279E00D442F9 /* CoreDataStack */,
				61C580AE24079DF800E5D957 /* Networking */,
			);
			path = Services;
			sourceTree = "<group>";
		};
		6140DBEF240E275900D442F9 /* ServicesContainer */ = {
			isa = PBXGroup;
			children = (
				61C580B42407BCD700E5D957 /* ServiceContainer.swift */,
			);
			path = ServicesContainer;
			sourceTree = "<group>";
		};
		6140DBF0240E279E00D442F9 /* CoreDataStack */ = {
			isa = PBXGroup;
			children = (
				6140DBF1240E281900D442F9 /* CoreDataStack.swift */,
				6151863E240FA4BC00D89E0D /* CoreDataEntity */,
			);
			path = CoreDataStack;
			sourceTree = "<group>";
		};
		6151863E240FA4BC00D89E0D /* CoreDataEntity */ = {
			isa = PBXGroup;
			children = (
				6151863A240FA4A400D89E0D /* Translate+CoreDataClass.swift */,
				6151863B240FA4A400D89E0D /* Translate+CoreDataProperties.swift */,
			);
			path = CoreDataEntity;
			sourceTree = "<group>";
		};
		61C5805024068D2700E5D957 = {
			isa = PBXGroup;
			children = (
				6140DBEE240E25AD00D442F9 /* Services */,
				61C5805B24068D2700E5D957 /* Translator */,
				61C5805A24068D2700E5D957 /* Products */,
			);
			sourceTree = "<group>";
		};
		61C5805A24068D2700E5D957 /* Products */ = {
			isa = PBXGroup;
			children = (
				61C5805924068D2700E5D957 /* Translator.app */,
			);
			name = Products;
			sourceTree = "<group>";
		};
		61C5805B24068D2700E5D957 /* Translator */ = {
			isa = PBXGroup;
			children = (
				61C5805C24068D2700E5D957 /* AppDelegate.swift */,
				61C5805E24068D2700E5D957 /* SceneDelegate.swift */,
				6140DBEF240E275900D442F9 /* ServicesContainer */,
				61C580B62407C07E00E5D957 /* Entity */,
				61C58080240693E000E5D957 /* ViperModules */,
				61C5806824068D2900E5D957 /* Assets.xcassets */,
				61C5806A24068D2900E5D957 /* LaunchScreen.storyboard */,
				61C5806D24068D2900E5D957 /* Info.plist */,
				614E20B6241BB4E8002D69F8 /* todo */,
				61C5806524068D2700E5D957 /* Translator.xcdatamodeld */,
			);
			path = Translator;
			sourceTree = "<group>";
		};
		61C58080240693E000E5D957 /* ViperModules */ = {
			isa = PBXGroup;
			children = (
				61C5808D2406941600E5D957 /* Translator */,
				61C580A82406A30700E5D957 /* LanguageList */,
				61C5808E240698EC00E5D957 /* History */,
			);
			path = ViperModules;
			sourceTree = "<group>";
		};
		61C5808D2406941600E5D957 /* Translator */ = {
			isa = PBXGroup;
			children = (
				61C580812406940500E5D957 /* TranslatorPresenter.swift */,
				61C580822406940500E5D957 /* TranslatorRouter.swift */,
				61C580832406940500E5D957 /* TranslatorViewController.swift */,
				61C580842406940500E5D957 /* TranslatorProtocols.swift */,
				61C580852406940500E5D957 /* TranslatorInteractor.swift */,
				61C580862406940500E5D957 /* TranslatorViewController.xib */,
			);
			path = Translator;
			sourceTree = "<group>";
		};
		61C5808E240698EC00E5D957 /* History */ = {
			isa = PBXGroup;
			children = (
				61C5808F2406990500E5D957 /* HistoryPresenter.swift */,
				61C580902406990500E5D957 /* HistoryRouter.swift */,
				61C580912406990500E5D957 /* HistoryViewController.swift */,
				61C580922406990500E5D957 /* HistoryProtocols.swift */,
				61C580932406990500E5D957 /* HistoryInteractor.swift */,
				61C580942406990500E5D957 /* HistoryViewController.xib */,
				6140DBE2240D229F00D442F9 /* Cell */,
			);
			path = History;
			sourceTree = "<group>";
		};
		61C580A82406A30700E5D957 /* LanguageList */ = {
			isa = PBXGroup;
			children = (
				61C580BD2407FAFC00E5D957 /* LanguageListPresenter.swift */,
				61C580BE2407FAFC00E5D957 /* LanguageListRouter.swift */,
				61C580BF2407FAFC00E5D957 /* LanguageListViewController.swift */,
				61C580C02407FAFC00E5D957 /* LanguageListProtocols.swift */,
				61C580C12407FAFC00E5D957 /* LanguageListInteractor.swift */,
				61C580C22407FAFC00E5D957 /* LanguageListViewController.xib */,
			);
			path = LanguageList;
			sourceTree = "<group>";
		};
		61C580AE24079DF800E5D957 /* Networking */ = {
			isa = PBXGroup;
			children = (
				6140DBED240E257E00D442F9 /* Model */,
				61C580B02407B89400E5D957 /* NetworkService.swift */,
				61C580B22407BA8D00E5D957 /* NetworkDataFetcher.swift */,
				6140DBF4240E2ACE00D442F9 /* DataFetcherService.swift */,
			);
			path = Networking;
			sourceTree = "<group>";
		};
		61C580B62407C07E00E5D957 /* Entity */ = {
			isa = PBXGroup;
			children = (
				61C580B72407C08800E5D957 /* Language.swift */,
			);
			path = Entity;
			sourceTree = "<group>";
		};
/* End PBXGroup section */

/* Begin PBXNativeTarget section */
		61C5805824068D2700E5D957 /* Translator */ = {
			isa = PBXNativeTarget;
			buildConfigurationList = 61C5807024068D2900E5D957 /* Build configuration list for PBXNativeTarget "Translator" */;
			buildPhases = (
				61C5805524068D2700E5D957 /* Sources */,
				61C5805624068D2700E5D957 /* Frameworks */,
				61C5805724068D2700E5D957 /* Resources */,
			);
			buildRules = (
			);
			dependencies = (
			);
			name = Translator;
			productName = Translator;
			productReference = 61C5805924068D2700E5D957 /* Translator.app */;
			productType = "com.apple.product-type.application";
		};
/* End PBXNativeTarget section */

/* Begin PBXProject section */
		61C5805124068D2700E5D957 /* Project object */ = {
			isa = PBXProject;
			attributes = {
				LastSwiftUpdateCheck = 1120;
				LastUpgradeCheck = 1120;
				ORGANIZATIONNAME = RomanovAI;
				TargetAttributes = {
					61C5805824068D2700E5D957 = {
						CreatedOnToolsVersion = 11.2.1;
					};
				};
			};
			buildConfigurationList = 61C5805424068D2700E5D957 /* Build configuration list for PBXProject "Translator" */;
			compatibilityVersion = "Xcode 9.3";
			developmentRegion = en;
			hasScannedForEncodings = 0;
			knownRegions = (
				en,
				Base,
			);
			mainGroup = 61C5805024068D2700E5D957;
			productRefGroup = 61C5805A24068D2700E5D957 /* Products */;
			projectDirPath = "";
			projectRoot = "";
			targets = (
				61C5805824068D2700E5D957 /* Translator */,
			);
		};
/* End PBXProject section */

/* Begin PBXResourcesBuildPhase section */
		61C5805724068D2700E5D957 /* Resources */ = {
			isa = PBXResourcesBuildPhase;
			buildActionMask = 2147483647;
			files = (
				614E20B7241BB4E8002D69F8 /* todo in Resources */,
				61C580C82407FAFC00E5D957 /* LanguageListViewController.xib in Resources */,
				61C5806C24068D2900E5D957 /* LaunchScreen.storyboard in Resources */,
				61C5808C2406940500E5D957 /* TranslatorViewController.xib in Resources */,
				61C5806924068D2900E5D957 /* Assets.xcassets in Resources */,
				6140DBE6240D22DE00D442F9 /* HistoryTableViewCell.xib in Resources */,
				61C5809A2406990500E5D957 /* HistoryViewController.xib in Resources */,
			);
			runOnlyForDeploymentPostprocessing = 0;
		};
/* End PBXResourcesBuildPhase section */

/* Begin PBXSourcesBuildPhase section */
		61C5805524068D2700E5D957 /* Sources */ = {
			isa = PBXSourcesBuildPhase;
			buildActionMask = 2147483647;
			files = (
				61C580C52407FAFC00E5D957 /* LanguageListViewController.swift in Sources */,
				61C580C32407FAFC00E5D957 /* LanguageListPresenter.swift in Sources */,
				61C580B32407BA8D00E5D957 /* NetworkDataFetcher.swift in Sources */,
				61C580C42407FAFC00E5D957 /* LanguageListRouter.swift in Sources */,
				6140DBF2240E281900D442F9 /* CoreDataStack.swift in Sources */,
				6140DBE5240D22DE00D442F9 /* HistoryTableViewCell.swift in Sources */,
				61C580BA2407CF4800E5D957 /* RequestModel.swift in Sources */,
				61C580982406990500E5D957 /* HistoryProtocols.swift in Sources */,
				61C580992406990500E5D957 /* HistoryInteractor.swift in Sources */,
				61C580882406940500E5D957 /* TranslatorRouter.swift in Sources */,
				6151863D240FA4A400D89E0D /* Translate+CoreDataProperties.swift in Sources */,
				61C580962406990500E5D957 /* HistoryRouter.swift in Sources */,
				61C580B52407BCD700E5D957 /* ServiceContainer.swift in Sources */,
				61C5808A2406940500E5D957 /* TranslatorProtocols.swift in Sources */,
				61C580BC2407E38A00E5D957 /* ResponseModel.swift in Sources */,
				6151863C240FA4A400D89E0D /* Translate+CoreDataClass.swift in Sources */,
				61C580C72407FAFC00E5D957 /* LanguageListInteractor.swift in Sources */,
				61C580892406940500E5D957 /* TranslatorViewController.swift in Sources */,
				61C5808B2406940500E5D957 /* TranslatorInteractor.swift in Sources */,
				61C580B12407B89400E5D957 /* NetworkService.swift in Sources */,
				61C580952406990500E5D957 /* HistoryPresenter.swift in Sources */,
				61C5806724068D2700E5D957 /* Translator.xcdatamodeld in Sources */,
				6140DBF5240E2ACE00D442F9 /* DataFetcherService.swift in Sources */,
				61C5805D24068D2700E5D957 /* AppDelegate.swift in Sources */,
				61C580872406940500E5D957 /* TranslatorPresenter.swift in Sources */,
				61C580972406990500E5D957 /* HistoryViewController.swift in Sources */,
				61C580C62407FAFC00E5D957 /* LanguageListProtocols.swift in Sources */,
				61C580B82407C08800E5D957 /* Language.swift in Sources */,
				61C5805F24068D2700E5D957 /* SceneDelegate.swift in Sources */,
			);
			runOnlyForDeploymentPostprocessing = 0;
		};
/* End PBXSourcesBuildPhase section */

/* Begin PBXVariantGroup section */
		61C5806A24068D2900E5D957 /* LaunchScreen.storyboard */ = {
			isa = PBXVariantGroup;
			children = (
				61C5806B24068D2900E5D957 /* Base */,
			);
			name = LaunchScreen.storyboard;
			sourceTree = "<group>";
		};
/* End PBXVariantGroup section */

/* Begin XCBuildConfiguration section */
		61C5806E24068D2900E5D957 /* Debug */ = {
			isa = XCBuildConfiguration;
			buildSettings = {
				ALWAYS_SEARCH_USER_PATHS = NO;
				CLANG_ANALYZER_NONNULL = YES;
				CLANG_ANALYZER_NUMBER_OBJECT_CONVERSION = YES_AGGRESSIVE;
				CLANG_CXX_LANGUAGE_STANDARD = "gnu++14";
				CLANG_CXX_LIBRARY = "libc++";
				CLANG_ENABLE_MODULES = YES;
				CLANG_ENABLE_OBJC_ARC = YES;
				CLANG_ENABLE_OBJC_WEAK = YES;
				CLANG_WARN_BLOCK_CAPTURE_AUTORELEASING = YES;
				CLANG_WARN_BOOL_CONVERSION = YES;
				CLANG_WARN_COMMA = YES;
				CLANG_WARN_CONSTANT_CONVERSION = YES;
				CLANG_WARN_DEPRECATED_OBJC_IMPLEMENTATIONS = YES;
				CLANG_WARN_DIRECT_OBJC_ISA_USAGE = YES_ERROR;
				CLANG_WARN_DOCUMENTATION_COMMENTS = YES;
				CLANG_WARN_EMPTY_BODY = YES;
				CLANG_WARN_ENUM_CONVERSION = YES;
				CLANG_WARN_INFINITE_RECURSION = YES;
				CLANG_WARN_INT_CONVERSION = YES;
				CLANG_WARN_NON_LITERAL_NULL_CONVERSION = YES;
				CLANG_WARN_OBJC_IMPLICIT_RETAIN_SELF = YES;
				CLANG_WARN_OBJC_LITERAL_CONVERSION = YES;
				CLANG_WARN_OBJC_ROOT_CLASS = YES_ERROR;
				CLANG_WARN_RANGE_LOOP_ANALYSIS = YES;
				CLANG_WARN_STRICT_PROTOTYPES = YES;
				CLANG_WARN_SUSPICIOUS_MOVE = YES;
				CLANG_WARN_UNGUARDED_AVAILABILITY = YES_AGGRESSIVE;
				CLANG_WARN_UNREACHABLE_CODE = YES;
				CLANG_WARN__DUPLICATE_METHOD_MATCH = YES;
				COPY_PHASE_STRIP = NO;
				DEBUG_INFORMATION_FORMAT = dwarf;
				ENABLE_STRICT_OBJC_MSGSEND = YES;
				ENABLE_TESTABILITY = YES;
				GCC_C_LANGUAGE_STANDARD = gnu11;
				GCC_DYNAMIC_NO_PIC = NO;
				GCC_NO_COMMON_BLOCKS = YES;
				GCC_OPTIMIZATION_LEVEL = 0;
				GCC_PREPROCESSOR_DEFINITIONS = (
					"DEBUG=1",
					"$(inherited)",
				);
				GCC_WARN_64_TO_32_BIT_CONVERSION = YES;
				GCC_WARN_ABOUT_RETURN_TYPE = YES_ERROR;
				GCC_WARN_UNDECLARED_SELECTOR = YES;
				GCC_WARN_UNINITIALIZED_AUTOS = YES_AGGRESSIVE;
				GCC_WARN_UNUSED_FUNCTION = YES;
				GCC_WARN_UNUSED_VARIABLE = YES;
				IPHONEOS_DEPLOYMENT_TARGET = 13.2;
				MTL_ENABLE_DEBUG_INFO = INCLUDE_SOURCE;
				MTL_FAST_MATH = YES;
				ONLY_ACTIVE_ARCH = YES;
				SDKROOT = iphoneos;
				SWIFT_ACTIVE_COMPILATION_CONDITIONS = DEBUG;
				SWIFT_OPTIMIZATION_LEVEL = "-Onone";
			};
			name = Debug;
		};
		61C5806F24068D2900E5D957 /* Release */ = {
			isa = XCBuildConfiguration;
			buildSettings = {
				ALWAYS_SEARCH_USER_PATHS = NO;
				CLANG_ANALYZER_NONNULL = YES;
				CLANG_ANALYZER_NUMBER_OBJECT_CONVERSION = YES_AGGRESSIVE;
				CLANG_CXX_LANGUAGE_STANDARD = "gnu++14";
				CLANG_CXX_LIBRARY = "libc++";
				CLANG_ENABLE_MODULES = YES;
				CLANG_ENABLE_OBJC_ARC = YES;
				CLANG_ENABLE_OBJC_WEAK = YES;
				CLANG_WARN_BLOCK_CAPTURE_AUTORELEASING = YES;
				CLANG_WARN_BOOL_CONVERSION = YES;
				CLANG_WARN_COMMA = YES;
				CLANG_WARN_CONSTANT_CONVERSION = YES;
				CLANG_WARN_DEPRECATED_OBJC_IMPLEMENTATIONS = YES;
				CLANG_WARN_DIRECT_OBJC_ISA_USAGE = YES_ERROR;
				CLANG_WARN_DOCUMENTATION_COMMENTS = YES;
				CLANG_WARN_EMPTY_BODY = YES;
				CLANG_WARN_ENUM_CONVERSION = YES;
				CLANG_WARN_INFINITE_RECURSION = YES;
				CLANG_WARN_INT_CONVERSION = YES;
				CLANG_WARN_NON_LITERAL_NULL_CONVERSION = YES;
				CLANG_WARN_OBJC_IMPLICIT_RETAIN_SELF = YES;
				CLANG_WARN_OBJC_LITERAL_CONVERSION = YES;
				CLANG_WARN_OBJC_ROOT_CLASS = YES_ERROR;
				CLANG_WARN_RANGE_LOOP_ANALYSIS = YES;
				CLANG_WARN_STRICT_PROTOTYPES = YES;
				CLANG_WARN_SUSPICIOUS_MOVE = YES;
				CLANG_WARN_UNGUARDED_AVAILABILITY = YES_AGGRESSIVE;
				CLANG_WARN_UNREACHABLE_CODE = YES;
				CLANG_WARN__DUPLICATE_METHOD_MATCH = YES;
				COPY_PHASE_STRIP = NO;
				DEBUG_INFORMATION_FORMAT = "dwarf-with-dsym";
				ENABLE_NS_ASSERTIONS = NO;
				ENABLE_STRICT_OBJC_MSGSEND = YES;
				GCC_C_LANGUAGE_STANDARD = gnu11;
				GCC_NO_COMMON_BLOCKS = YES;
				GCC_WARN_64_TO_32_BIT_CONVERSION = YES;
				GCC_WARN_ABOUT_RETURN_TYPE = YES_ERROR;
				GCC_WARN_UNDECLARED_SELECTOR = YES;
				GCC_WARN_UNINITIALIZED_AUTOS = YES_AGGRESSIVE;
				GCC_WARN_UNUSED_FUNCTION = YES;
				GCC_WARN_UNUSED_VARIABLE = YES;
				IPHONEOS_DEPLOYMENT_TARGET = 13.2;
				MTL_ENABLE_DEBUG_INFO = NO;
				MTL_FAST_MATH = YES;
				SDKROOT = iphoneos;
				SWIFT_COMPILATION_MODE = wholemodule;
				SWIFT_OPTIMIZATION_LEVEL = "-O";
				VALIDATE_PRODUCT = YES;
			};
			name = Release;
		};
		61C5807124068D2900E5D957 /* Debug */ = {
			isa = XCBuildConfiguration;
			buildSettings = {
				ASSETCATALOG_COMPILER_APPICON_NAME = AppIcon;
				CODE_SIGN_STYLE = Automatic;
				INFOPLIST_FILE = Translator/Info.plist;
				LD_RUNPATH_SEARCH_PATHS = (
					"$(inherited)",
					"@executable_path/Frameworks",
				);
				PRODUCT_BUNDLE_IDENTIFIER = "-.Translator";
				PRODUCT_NAME = "$(TARGET_NAME)";
				SWIFT_VERSION = 5.0;
				TARGETED_DEVICE_FAMILY = "1,2";
			};
			name = Debug;
		};
		61C5807224068D2900E5D957 /* Release */ = {
			isa = XCBuildConfiguration;
			buildSettings = {
				ASSETCATALOG_COMPILER_APPICON_NAME = AppIcon;
				CODE_SIGN_STYLE = Automatic;
				INFOPLIST_FILE = Translator/Info.plist;
				LD_RUNPATH_SEARCH_PATHS = (
					"$(inherited)",
					"@executable_path/Frameworks",
				);
				PRODUCT_BUNDLE_IDENTIFIER = "-.Translator";
				PRODUCT_NAME = "$(TARGET_NAME)";
				SWIFT_VERSION = 5.0;
				TARGETED_DEVICE_FAMILY = "1,2";
			};
			name = Release;
		};
/* End XCBuildConfiguration section */

/* Begin XCConfigurationList section */
		61C5805424068D2700E5D957 /* Build configuration list for PBXProject "Translator" */ = {
			isa = XCConfigurationList;
			buildConfigurations = (
				61C5806E24068D2900E5D957 /* Debug */,
				61C5806F24068D2900E5D957 /* Release */,
			);
			defaultConfigurationIsVisible = 0;
			defaultConfigurationName = Release;
		};
		61C5807024068D2900E5D957 /* Build configuration list for PBXNativeTarget "Translator" */ = {
			isa = XCConfigurationList;
			buildConfigurations = (
				61C5807124068D2900E5D957 /* Debug */,
				61C5807224068D2900E5D957 /* Release */,
			);
			defaultConfigurationIsVisible = 0;
			defaultConfigurationName = Release;
		};
/* End XCConfigurationList section */

/* Begin XCVersionGroup section */
		61C5806524068D2700E5D957 /* Translator.xcdatamodeld */ = {
			isa = XCVersionGroup;
			children = (
				61C5806624068D2700E5D957 /* Translator.xcdatamodel */,
			);
			currentVersion = 61C5806624068D2700E5D957 /* Translator.xcdatamodel */;
			path = Translator.xcdatamodeld;
			sourceTree = "<group>";
			versionGroupType = wrapper.xcdatamodel;
		};
/* End XCVersionGroup section */
	};
	rootObject = 61C5805124068D2700E5D957 /* Project object */;
}
